
Microsoft Visual Studio Solution File, Format Version 12.00
# Visual Studio Version 16
VisualStudioVersion = 25.0.1704.4
MinimumVisualStudioVersion = 10.0.40219.1
Project("{FAE04EC0-301F-11D3-BF4B-00C04F79EFBC}") = "Module1a1", "Module1a1\Module1a1.csproj", "{7087FED3-1619-4F70-94F7-118522516C13}"
EndProject
Global
	GlobalSection(SolutionConfigurationPlatforms) = preSolution
		Debug|Any CPU = Debug|Any CPU
		Release|Any CPU = Release|Any CPU
	EndGlobalSection
	GlobalSection(ProjectConfigurationPlatforms) = postSolution
		{7087FED3-1619-4F70-94F7-118522516C13}.Debug|Any CPU.ActiveCfg = Debug|Any CPU
		{7087FED3-1619-4F70-94F7-118522516C13}.Debug|Any CPU.Build.0 = Debug|Any CPU
		{7087FED3-1619-4F70-94F7-118522516C13}.Release|Any CPU.ActiveCfg = Release|Any CPU
		{7087FED3-1619-4F70-94F7-118522516C13}.Release|Any CPU.Build.0 = Release|Any CPU
	EndGlobalSection
	GlobalSection(SolutionProperties) = preSolution
		HideSolutionNode = FALSE
	EndGlobalSection
	GlobalSection(ExtensibilityGlobals) = postSolution
		SolutionGuid = {89334A48-3EE2-4153-87C2-7B20EF52584B}
	EndGlobalSection
EndGlobal
